{
  "version": 4,
  "terraform_version": "1.5.0",
  "serial": 1,
  "lineage": "45938a49-dccc-285d-4583-0ea8895f4714",
  "outputs": {},
  "resources": [
    {
      "mode": "managed",
      "type": "aws_key_pair",
      "name": "vprofilekey",
      "provider": "provider[\"registry.terraform.io/hashicorp/aws\"]",
      "instances": [
        {
          "schema_version": 1,
          "attributes": {
            "arn": "arn:aws:ec2:us-east-1:427480290040:key-pair/vprofilekey",
            "fingerprint": "00:c2:56:9f:dd:ea:40:07:b6:0c:83:6d:d2:c3:10:23",
            "id": "vprofilekey",
            "key_name": "vprofilekey",
            "key_name_prefix": "",
            "key_pair_id": "key-0a9fe27c3c13213f7",
            "key_type": "rsa",
            "public_key": "ssh-rsa AAAAB3NzaC1yc2EAAAADAQABAAABgQCnxV7hVxN8h4tllRpdNPy0ebuulTv1Exrsa0qWA0ZHvZ/nhWN1PpLZpRvZmrd7oRt/LvqlP2dxzU0XCRhg2Ba1GUm6JJHA85mkFyDJswrbQfz+9p7AaxFIVgnW+48OoF0MAEJ1cvf87u01BGxNp5p2maFojtrRupFrN+5I3Fu7Y55mtRSX31YOhX3X9UOYvfyy6tQTcOLaLw6RU3sU6Q0il20s0abUegvB/YwlaJOJoFw3mvH6G7oKM9ugjl2boIULd3r5gDICL+SmkJBxcm6nV7NyySOtqqErmFP0uoh5FGTMPdi+QR2q3Vg7Qjyx4bVjKh9QuZO7BE/fRcUd+3/pdhEmaX70IFMJMk27kQivbjJ3uDQJ+e5u+d6RPq2lrT1GyN6dIJ/WzsOi+T+Kiv9FWEnSC15iN8kOnYC5ka+ir53XtgpkQADUV1K1j62yWgVceRLAokTlN0+HCYxO7VBbR+AooD775euE6dp43ekZPXda1Z9l/LZg/nlf8Qa5yUM= gh40@gh40-desktop",
            "tags": null,
            "tags_all": {}
          },
          "sensitive_attributes": [],
          "private": "eyJzY2hlbWFfdmVyc2lvbiI6IjEifQ=="
        }
      ]
    }
  ],
  "check_results": null
}
